
Microsoft Visual Studio Solution File, Format Version 12.00
# Visual Studio Version 16
VisualStudioVersion = 16.0.31515.178
MinimumVisualStudioVersion = 10.0.40219.1
Project("{FAE04EC0-301F-11D3-BF4B-00C04F79EFBC}") = "WpfLiveChartsTestApp", "WpfLiveChartsTestApp.csproj", "{19CB79EC-7970-46A9-884D-6CD61782806F}"
EndProject
Global
	GlobalSection(SolutionConfigurationPlatforms) = preSolution
		Debug|Any CPU = Debug|Any CPU
		Release|Any CPU = Release|Any CPU
	EndGlobalSection
	GlobalSection(ProjectConfigurationPlatforms) = postSolution
		{19CB79EC-7970-46A9-884D-6CD61782806F}.Debug|Any CPU.ActiveCfg = Debug|Any CPU
		{19CB79EC-7970-46A9-884D-6CD61782806F}.Debug|Any CPU.Build.0 = Debug|Any CPU
		{19CB79EC-7970-46A9-884D-6CD61782806F}.Release|Any CPU.ActiveCfg = Release|Any CPU
		{19CB79EC-7970-46A9-884D-6CD61782806F}.Release|Any CPU.Build.0 = Release|Any CPU
	EndGlobalSection
	GlobalSection(SolutionProperties) = preSolution
		HideSolutionNode = FALSE
	EndGlobalSection
	GlobalSection(ExtensibilityGlobals) = postSolution
		SolutionGuid = {03C9C038-08B5-49EE-9110-D980E4B38EDF}
	EndGlobalSection
EndGlobal
